// !$*UTF8*$!
{
	archiveVersion = 1;
	classes = {
	};
	objectVersion = 56;
	objects = {

/* Begin PBXBuildFile section */
		4DE1181E2B409EDA00641A3D /* multiselectionPickerSwiftDataApp.swift in Sources */ = {isa = PBXBuildFile; fileRef = 4DE1181D2B409EDA00641A3D /* multiselectionPickerSwiftDataApp.swift */; };
		4DE118202B409EDA00641A3D /* ContentView.swift in Sources */ = {isa = PBXBuildFile; fileRef = 4DE1181F2B409EDA00641A3D /* ContentView.swift */; };
		4DE118222B409EDA00641A3D /* Assets.xcassets in Resources */ = {isa = PBXBuildFile; fileRef = 4DE118212B409EDA00641A3D /* Assets.xcassets */; };
		4DE118252B409EDA00641A3D /* Preview Assets.xcassets in Resources */ = {isa = PBXBuildFile; fileRef = 4DE118242B409EDA00641A3D /* Preview Assets.xcassets */; };
		4DE1182D2B412FEA00641A3D /* MainEntity.swift in Sources */ = {isa = PBXBuildFile; fileRef = 4DE1182C2B412FEA00641A3D /* MainEntity.swift */; };
		4DE1182F2B412FFE00641A3D /* SecondaryEntity.swift in Sources */ = {isa = PBXBuildFile; fileRef = 4DE1182E2B412FFE00641A3D /* SecondaryEntity.swift */; };
		4DE118312B41301E00641A3D /* SharedEntity.swift in Sources */ = {isa = PBXBuildFile; fileRef = 4DE118302B41301E00641A3D /* SharedEntity.swift */; };
/* End PBXBuildFile section */

/* Begin PBXFileReference section */
		4DE1181A2B409EDA00641A3D /* multiselectionPickerSwiftData.app */ = {isa = PBXFileReference; explicitFileType = wrapper.application; includeInIndex = 0; path = multiselectionPickerSwiftData.app; sourceTree = BUILT_PRODUCTS_DIR; };
		4DE1181D2B409EDA00641A3D /* multiselectionPickerSwiftDataApp.swift */ = {isa = PBXFileReference; lastKnownFileType = sourcecode.swift; path = multiselectionPickerSwiftDataApp.swift; sourceTree = "<group>"; };
		4DE1181F2B409EDA00641A3D /* ContentView.swift */ = {isa = PBXFileReference; lastKnownFileType = sourcecode.swift; path = ContentView.swift; sourceTree = "<group>"; };
		4DE118212B409EDA00641A3D /* Assets.xcassets */ = {isa = PBXFileReference; lastKnownFileType = folder.assetcatalog; path = Assets.xcassets; sourceTree = "<group>"; };
		4DE118242B409EDA00641A3D /* Preview Assets.xcassets */ = {isa = PBXFileReference; lastKnownFileType = folder.assetcatalog; path = "Preview Assets.xcassets"; sourceTree = "<group>"; };
		4DE1182C2B412FEA00641A3D /* MainEntity.swift */ = {isa = PBXFileReference; lastKnownFileType = sourcecode.swift; path = MainEntity.swift; sourceTree = "<group>"; };
		4DE1182E2B412FFE00641A3D /* SecondaryEntity.swift */ = {isa = PBXFileReference; lastKnownFileType = sourcecode.swift; path = SecondaryEntity.swift; sourceTree = "<group>"; };
		4DE118302B41301E00641A3D /* SharedEntity.swift */ = {isa = PBXFileReference; lastKnownFileType = sourcecode.swift; path = SharedEntity.swift; sourceTree = "<group>"; };
/* End PBXFileReference section */

/* Begin PBXFrameworksBuildPhase section */
		4DE118172B409EDA00641A3D /* Frameworks */ = {
			isa = PBXFrameworksBuildPhase;
			buildActionMask = 2147483647;
			files = (
			);
			runOnlyForDeploymentPostprocessing = 0;
		};
/* End PBXFrameworksBuildPhase section */

/* Begin PBXGroup section */
		4DE118112B409EDA00641A3D = {
			isa = PBXGroup;
			children = (
				4DE1181C2B409EDA00641A3D /* multiselectionPickerSwiftData */,
				4DE1181B2B409EDA00641A3D /* Products */,
			);
			sourceTree = "<group>";
		};
		4DE1181B2B409EDA00641A3D /* Products */ = {
			isa = PBXGroup;
			children = (
				4DE1181A2B409EDA00641A3D /* multiselectionPickerSwiftData.app */,
			);
			name = Products;
			sourceTree = "<group>";
		};
		4DE1181C2B409EDA00641A3D /* multiselectionPickerSwiftData */ = {
			isa = PBXGroup;
			children = (
				4DE1182B2B412FBF00641A3D /* theData */,
				4DE1181D2B409EDA00641A3D /* multiselectionPickerSwiftDataApp.swift */,
				4DE1181F2B409EDA00641A3D /* ContentView.swift */,
				4DE118212B409EDA00641A3D /* Assets.xcassets */,
				4DE118232B409EDA00641A3D /* Preview Content */,
			);
			path = multiselectionPickerSwiftData;
			sourceTree = "<group>";
		};
		4DE118232B409EDA00641A3D /* Preview Content */ = {
			isa = PBXGroup;
			children = (
				4DE118242B409EDA00641A3D /* Preview Assets.xcassets */,
			);
			path = "Preview Content";
			sourceTree = "<group>";
		};
		4DE1182B2B412FBF00641A3D /* theData */ = {
			isa = PBXGroup;
			children = (
				4DE1182C2B412FEA00641A3D /* MainEntity.swift */,
				4DE1182E2B412FFE00641A3D /* SecondaryEntity.swift */,
				4DE118302B41301E00641A3D /* SharedEntity.swift */,
			);
			path = theData;
			sourceTree = "<group>";
		};
/* End PBXGroup section */

/* Begin PBXNativeTarget section */
		4DE118192B409EDA00641A3D /* multiselectionPickerSwiftData */ = {
			isa = PBXNativeTarget;
			buildConfigurationList = 4DE118282B409EDA00641A3D /* Build configuration list for PBXNativeTarget "multiselectionPickerSwiftData" */;
			buildPhases = (
				4DE118162B409EDA00641A3D /* Sources */,
				4DE118172B409EDA00641A3D /* Frameworks */,
				4DE118182B409EDA00641A3D /* Resources */,
			);
			buildRules = (
			);
			dependencies = (
			);
			name = multiselectionPickerSwiftData;
			productName = multiselectionPickerSwiftData;
			productReference = 4DE1181A2B409EDA00641A3D /* multiselectionPickerSwiftData.app */;
			productType = "com.apple.product-type.application";
		};
/* End PBXNativeTarget section */

/* Begin PBXProject section */
		4DE118122B409EDA00641A3D /* Project object */ = {
			isa = PBXProject;
			attributes = {
				BuildIndependentTargetsInParallel = 1;
				LastSwiftUpdateCheck = 1500;
				LastUpgradeCheck = 1500;
				TargetAttributes = {
					4DE118192B409EDA00641A3D = {
						CreatedOnToolsVersion = 15.0;
					};
				};
			};
			buildConfigurationList = 4DE118152B409EDA00641A3D /* Build configuration list for PBXProject "multiselectionPickerSwiftData" */;
			compatibilityVersion = "Xcode 14.0";
			developmentRegion = en;
			hasScannedForEncodings = 0;
			knownRegions = (
				en,
				Base,
			);
			mainGroup = 4DE118112B409EDA00641A3D;
			productRefGroup = 4DE1181B2B409EDA00641A3D /* Products */;
			projectDirPath = "";
			projectRoot = "";
			targets = (
				4DE118192B409EDA00641A3D /* multiselectionPickerSwiftData */,
			);
		};
/* End PBXProject section */

/* Begin PBXResourcesBuildPhase section */
		4DE118182B409EDA00641A3D /* Resources */ = {
			isa = PBXResourcesBuildPhase;
			buildActionMask = 2147483647;
			files = (
				4DE118252B409EDA00641A3D /* Preview Assets.xcassets in Resources */,
				4DE118222B409EDA00641A3D /* Assets.xcassets in Resources */,
			);
			runOnlyForDeploymentPostprocessing = 0;
		};
/* End PBXResourcesBuildPhase section */

/* Begin PBXSourcesBuildPhase section */
		4DE118162B409EDA00641A3D /* Sources */ = {
			isa = PBXSourcesBuildPhase;
			buildActionMask = 2147483647;
			files = (
				4DE118312B41301E00641A3D /* SharedEntity.swift in Sources */,
				4DE118202B409EDA00641A3D /* ContentView.swift in Sources */,
				4DE1182F2B412FFE00641A3D /* SecondaryEntity.swift in Sources */,
				4DE1181E2B409EDA00641A3D /* multiselectionPickerSwiftDataApp.swift in Sources */,
				4DE1182D2B412FEA00641A3D /* MainEntity.swift in Sources */,
			);
			runOnlyForDeploymentPostprocessing = 0;
		};
/* End PBXSourcesBuildPhase section */

/* Begin XCBuildConfiguration section */
		4DE118262B409EDA00641A3D /* Debug */ = {
			isa = XCBuildConfiguration;
			buildSettings = {
				ALWAYS_SEARCH_USER_PATHS = NO;
				ASSETCATALOG_COMPILER_GENERATE_SWIFT_ASSET_SYMBOL_EXTENSIONS = YES;
				CLANG_ANALYZER_NONNULL = YES;
				CLANG_ANALYZER_NUMBER_OBJECT_CONVERSION = YES_AGGRESSIVE;
				CLANG_CXX_LANGUAGE_STANDARD = "gnu++20";
				CLANG_ENABLE_MODULES = YES;
				CLANG_ENABLE_OBJC_ARC = YES;
				CLANG_ENABLE_OBJC_WEAK = YES;
				CLANG_WARN_BLOCK_CAPTURE_AUTORELEASING = YES;
				CLANG_WARN_BOOL_CONVERSION = YES;
				CLANG_WARN_COMMA = YES;
				CLANG_WARN_CONSTANT_CONVERSION = YES;
				CLANG_WARN_DEPRECATED_OBJC_IMPLEMENTATIONS = YES;
				CLANG_WARN_DIRECT_OBJC_ISA_USAGE = YES_ERROR;
				CLANG_WARN_DOCUMENTATION_COMMENTS = YES;
				CLANG_WARN_EMPTY_BODY = YES;
				CLANG_WARN_ENUM_CONVERSION = YES;
				CLANG_WARN_INFINITE_RECURSION = YES;
				CLANG_WARN_INT_CONVERSION = YES;
				CLANG_WARN_NON_LITERAL_NULL_CONVERSION = YES;
				CLANG_WARN_OBJC_IMPLICIT_RETAIN_SELF = YES;
				CLANG_WARN_OBJC_LITERAL_CONVERSION = YES;
				CLANG_WARN_OBJC_ROOT_CLASS = YES_ERROR;
				CLANG_WARN_QUOTED_INCLUDE_IN_FRAMEWORK_HEADER = YES;
				CLANG_WARN_RANGE_LOOP_ANALYSIS = YES;
				CLANG_WARN_STRICT_PROTOTYPES = YES;
				CLANG_WARN_SUSPICIOUS_MOVE = YES;
				CLANG_WARN_UNGUARDED_AVAILABILITY = YES_AGGRESSIVE;
				CLANG_WARN_UNREACHABLE_CODE = YES;
				CLANG_WARN__DUPLICATE_METHOD_MATCH = YES;
				COPY_PHASE_STRIP = NO;
				DEBUG_INFORMATION_FORMAT = dwarf;
				ENABLE_STRICT_OBJC_MSGSEND = YES;
				ENABLE_TESTABILITY = YES;
				ENABLE_USER_SCRIPT_SANDBOXING = YES;
				GCC_C_LANGUAGE_STANDARD = gnu17;
				GCC_DYNAMIC_NO_PIC = NO;
				GCC_NO_COMMON_BLOCKS = YES;
				GCC_OPTIMIZATION_LEVEL = 0;
				GCC_PREPROCESSOR_DEFINITIONS = (
					"DEBUG=1",
					"$(inherited)",
				);
				GCC_WARN_64_TO_32_BIT_CONVERSION = YES;
				GCC_WARN_ABOUT_RETURN_TYPE = YES_ERROR;
				GCC_WARN_UNDECLARED_SELECTOR = YES;
				GCC_WARN_UNINITIALIZED_AUTOS = YES_AGGRESSIVE;
				GCC_WARN_UNUSED_FUNCTION = YES;
				GCC_WARN_UNUSED_VARIABLE = YES;
				IPHONEOS_DEPLOYMENT_TARGET = 17.0;
				LOCALIZATION_PREFERS_STRING_CATALOGS = YES;
				MTL_ENABLE_DEBUG_INFO = INCLUDE_SOURCE;
				MTL_FAST_MATH = YES;
				ONLY_ACTIVE_ARCH = YES;
				SDKROOT = iphoneos;
				SWIFT_ACTIVE_COMPILATION_CONDITIONS = "DEBUG $(inherited)";
				SWIFT_OPTIMIZATION_LEVEL = "-Onone";
			};
			name = Debug;
		};
		4DE118272B409EDA00641A3D /* Release */ = {
			isa = XCBuildConfiguration;
			buildSettings = {
				ALWAYS_SEARCH_USER_PATHS = NO;
				ASSETCATALOG_COMPILER_GENERATE_SWIFT_ASSET_SYMBOL_EXTENSIONS = YES;
				CLANG_ANALYZER_NONNULL = YES;
				CLANG_ANALYZER_NUMBER_OBJECT_CONVERSION = YES_AGGRESSIVE;
				CLANG_CXX_LANGUAGE_STANDARD = "gnu++20";
				CLANG_ENABLE_MODULES = YES;
				CLANG_ENABLE_OBJC_ARC = YES;
				CLANG_ENABLE_OBJC_WEAK = YES;
				CLANG_WARN_BLOCK_CAPTURE_AUTORELEASING = YES;
				CLANG_WARN_BOOL_CONVERSION = YES;
				CLANG_WARN_COMMA = YES;
				CLANG_WARN_CONSTANT_CONVERSION = YES;
				CLANG_WARN_DEPRECATED_OBJC_IMPLEMENTATIONS = YES;
				CLANG_WARN_DIRECT_OBJC_ISA_USAGE = YES_ERROR;
				CLANG_WARN_DOCUMENTATION_COMMENTS = YES;
				CLANG_WARN_EMPTY_BODY = YES;
				CLANG_WARN_ENUM_CONVERSION = YES;
				CLANG_WARN_INFINITE_RECURSION = YES;
				CLANG_WARN_INT_CONVERSION = YES;
				CLANG_WARN_NON_LITERAL_NULL_CONVERSION = YES;
				CLANG_WARN_OBJC_IMPLICIT_RETAIN_SELF = YES;
				CLANG_WARN_OBJC_LITERAL_CONVERSION = YES;
				CLANG_WARN_OBJC_ROOT_CLASS = YES_ERROR;
				CLANG_WARN_QUOTED_INCLUDE_IN_FRAMEWORK_HEADER = YES;
				CLANG_WARN_RANGE_LOOP_ANALYSIS = YES;
				CLANG_WARN_STRICT_PROTOTYPES = YES;
				CLANG_WARN_SUSPICIOUS_MOVE = YES;
				CLANG_WARN_UNGUARDED_AVAILABILITY = YES_AGGRESSIVE;
				CLANG_WARN_UNREACHABLE_CODE = YES;
				CLANG_WARN__DUPLICATE_METHOD_MATCH = YES;
				COPY_PHASE_STRIP = NO;
				DEBUG_INFORMATION_FORMAT = "dwarf-with-dsym";
				ENABLE_NS_ASSERTIONS = NO;
				ENABLE_STRICT_OBJC_MSGSEND = YES;
				ENABLE_USER_SCRIPT_SANDBOXING = YES;
				GCC_C_LANGUAGE_STANDARD = gnu17;
				GCC_NO_COMMON_BLOCKS = YES;
				GCC_WARN_64_TO_32_BIT_CONVERSION = YES;
				GCC_WARN_ABOUT_RETURN_TYPE = YES_ERROR;
				GCC_WARN_UNDECLARED_SELECTOR = YES;
				GCC_WARN_UNINITIALIZED_AUTOS = YES_AGGRESSIVE;
				GCC_WARN_UNUSED_FUNCTION = YES;
				GCC_WARN_UNUSED_VARIABLE = YES;
				IPHONEOS_DEPLOYMENT_TARGET = 17.0;
				LOCALIZATION_PREFERS_STRING_CATALOGS = YES;
				MTL_ENABLE_DEBUG_INFO = NO;
				MTL_FAST_MATH = YES;
				SDKROOT = iphoneos;
				SWIFT_COMPILATION_MODE = wholemodule;
				VALIDATE_PRODUCT = YES;
			};
			name = Release;
		};
		4DE118292B409EDA00641A3D /* Debug */ = {
			isa = XCBuildConfiguration;
			buildSettings = {
				ASSETCATALOG_COMPILER_APPICON_NAME = AppIcon;
				ASSETCATALOG_COMPILER_GLOBAL_ACCENT_COLOR_NAME = AccentColor;
				CODE_SIGN_STYLE = Automatic;
				CURRENT_PROJECT_VERSION = 1;
				DEVELOPMENT_ASSET_PATHS = "\"multiselectionPickerSwiftData/Preview Content\"";
				DEVELOPMENT_TEAM = 3V5W9RZX9L;
				ENABLE_PREVIEWS = YES;
				GENERATE_INFOPLIST_FILE = YES;
				INFOPLIST_KEY_UIApplicationSceneManifest_Generation = YES;
				INFOPLIST_KEY_UIApplicationSupportsIndirectInputEvents = YES;
				INFOPLIST_KEY_UILaunchScreen_Generation = YES;
				INFOPLIST_KEY_UISupportedInterfaceOrientations_iPad = "UIInterfaceOrientationPortrait UIInterfaceOrientationPortraitUpsideDown UIInterfaceOrientationLandscapeLeft UIInterfaceOrientationLandscapeRight";
				INFOPLIST_KEY_UISupportedInterfaceOrientations_iPhone = "UIInterfaceOrientationPortrait UIInterfaceOrientationLandscapeLeft UIInterfaceOrientationLandscapeRight";
				LD_RUNPATH_SEARCH_PATHS = (
					"$(inherited)",
					"@executable_path/Frameworks",
				);
				MARKETING_VERSION = 1.0;
				PRODUCT_BUNDLE_IDENTIFIER = SimplyKyra.multiselectionPickerSwiftData;
				PRODUCT_NAME = "$(TARGET_NAME)";
				SWIFT_EMIT_LOC_STRINGS = YES;
				SWIFT_VERSION = 5.0;
				TARGETED_DEVICE_FAMILY = "1,2";
			};
			name = Debug;
		};
		4DE1182A2B409EDA00641A3D /* Release */ = {
			isa = XCBuildConfiguration;
			buildSettings = {
				ASSETCATALOG_COMPILER_APPICON_NAME = AppIcon;
				ASSETCATALOG_COMPILER_GLOBAL_ACCENT_COLOR_NAME = AccentColor;
				CODE_SIGN_STYLE = Automatic;
				CURRENT_PROJECT_VERSION = 1;
				DEVELOPMENT_ASSET_PATHS = "\"multiselectionPickerSwiftData/Preview Content\"";
				DEVELOPMENT_TEAM = 3V5W9RZX9L;
				ENABLE_PREVIEWS = YES;
				GENERATE_INFOPLIST_FILE = YES;
				INFOPLIST_KEY_UIApplicationSceneManifest_Generation = YES;
				INFOPLIST_KEY_UIApplicationSupportsIndirectInputEvents = YES;
				INFOPLIST_KEY_UILaunchScreen_Generation = YES;
				INFOPLIST_KEY_UISupportedInterfaceOrientations_iPad = "UIInterfaceOrientationPortrait UIInterfaceOrientationPortraitUpsideDown UIInterfaceOrientationLandscapeLeft UIInterfaceOrientationLandscapeRight";
				INFOPLIST_KEY_UISupportedInterfaceOrientations_iPhone = "UIInterfaceOrientationPortrait UIInterfaceOrientationLandscapeLeft UIInterfaceOrientationLandscapeRight";
				LD_RUNPATH_SEARCH_PATHS = (
					"$(inherited)",
					"@executable_path/Frameworks",
				);
				MARKETING_VERSION = 1.0;
				PRODUCT_BUNDLE_IDENTIFIER = SimplyKyra.multiselectionPickerSwiftData;
				PRODUCT_NAME = "$(TARGET_NAME)";
				SWIFT_EMIT_LOC_STRINGS = YES;
				SWIFT_VERSION = 5.0;
				TARGETED_DEVICE_FAMILY = "1,2";
			};
			name = Release;
		};
/* End XCBuildConfiguration section */

/* Begin XCConfigurationList section */
		4DE118152B409EDA00641A3D /* Build configuration list for PBXProject "multiselectionPickerSwiftData" */ = {
			isa = XCConfigurationList;
			buildConfigurations = (
				4DE118262B409EDA00641A3D /* Debug */,
				4DE118272B409EDA00641A3D /* Release */,
			);
			defaultConfigurationIsVisible = 0;
			defaultConfigurationName = Release;
		};
		4DE118282B409EDA00641A3D /* Build configuration list for PBXNativeTarget "multiselectionPickerSwiftData" */ = {
			isa = XCConfigurationList;
			buildConfigurations = (
				4DE118292B409EDA00641A3D /* Debug */,
				4DE1182A2B409EDA00641A3D /* Release */,
			);
			defaultConfigurationIsVisible = 0;
			defaultConfigurationName = Release;
		};
/* End XCConfigurationList section */
	};
	rootObject = 4DE118122B409EDA00641A3D /* Project object */;
}
